{
  "name": "bg-smart-services",
  "version": "1.0.0",
  "lockfileVersion": 3,
  "requires": true,
  "packages": {
    "": {
      "name": "bg-smart-services",
      "version": "1.0.0",
      "dependencies": {
        "@capacitor/android": "latest",
        "@capacitor/core": "latest",
        "@capacitor/ios": "latest",
        "@supabase/supabase-js": "latest",
        "leaflet": "latest",
        "lucide-react": "latest",
        "next": "latest",
        "react": "latest",
        "react-dom": "latest",
        "react-leaflet": "latest"
      },
      "devDependencies": {
        "@capacitor/assets": "latest",
        "@capacitor/cli": "latest"
      }
    }
  }
}
